
Microsoft Visual Studio Solution File, Format Version 12.00
# Visual Studio 15
VisualStudioVersion = 15.0.27428.2011
MinimumVisualStudioVersion = 10.0.40219.1
Project("{FAE04EC0-301F-11D3-BF4B-00C04F79EFBC}") = "RedWeiFuApi", "RedWeiFuApi\RedWeiFuApi.csproj", "{7E4B640E-A554-4EB9-840B-21527F78516D}"
EndProject
Project("{FAE04EC0-301F-11D3-BF4B-00C04F79EFBC}") = "BusinessClasses", "BusinessClasses\BusinessClasses.csproj", "{2780B63C-ACE5-42B5-9CC5-BB9DDA100858}"
EndProject
Project("{FAE04EC0-301F-11D3-BF4B-00C04F79EFBC}") = "DataBaseClasses", "DataBaseClasses\DataBaseClasses.csproj", "{A6D0E649-8741-4FA4-9DEA-D2FAEABDB59F}"
EndProject
Project("{FAE04EC0-301F-11D3-BF4B-00C04F79EFBC}") = "DBDAL", "DBDAL\DBDAL.csproj", "{C76B507D-3B18-4557-97CF-2779A6B5E3E7}"
EndProject
Project("{FAE04EC0-301F-11D3-BF4B-00C04F79EFBC}") = "RedWeiFu.Component", "RedWeiFu.Component\RedWeiFu.Component.csproj", "{6E921611-26AD-442D-95DC-D77A3BA9CBD3}"
EndProject
Global
	GlobalSection(SolutionConfigurationPlatforms) = preSolution
		Debug|Any CPU = Debug|Any CPU
		Release|Any CPU = Release|Any CPU
	EndGlobalSection
	GlobalSection(ProjectConfigurationPlatforms) = postSolution
		{7E4B640E-A554-4EB9-840B-21527F78516D}.Debug|Any CPU.ActiveCfg = Debug|Any CPU
		{7E4B640E-A554-4EB9-840B-21527F78516D}.Debug|Any CPU.Build.0 = Debug|Any CPU
		{7E4B640E-A554-4EB9-840B-21527F78516D}.Release|Any CPU.ActiveCfg = Release|Any CPU
		{7E4B640E-A554-4EB9-840B-21527F78516D}.Release|Any CPU.Build.0 = Release|Any CPU
		{2780B63C-ACE5-42B5-9CC5-BB9DDA100858}.Debug|Any CPU.ActiveCfg = Debug|Any CPU
		{2780B63C-ACE5-42B5-9CC5-BB9DDA100858}.Debug|Any CPU.Build.0 = Debug|Any CPU
		{2780B63C-ACE5-42B5-9CC5-BB9DDA100858}.Release|Any CPU.ActiveCfg = Release|Any CPU
		{2780B63C-ACE5-42B5-9CC5-BB9DDA100858}.Release|Any CPU.Build.0 = Release|Any CPU
		{A6D0E649-8741-4FA4-9DEA-D2FAEABDB59F}.Debug|Any CPU.ActiveCfg = Debug|Any CPU
		{A6D0E649-8741-4FA4-9DEA-D2FAEABDB59F}.Debug|Any CPU.Build.0 = Debug|Any CPU
		{A6D0E649-8741-4FA4-9DEA-D2FAEABDB59F}.Release|Any CPU.ActiveCfg = Release|Any CPU
		{A6D0E649-8741-4FA4-9DEA-D2FAEABDB59F}.Release|Any CPU.Build.0 = Release|Any CPU
		{C76B507D-3B18-4557-97CF-2779A6B5E3E7}.Debug|Any CPU.ActiveCfg = Debug|Any CPU
		{C76B507D-3B18-4557-97CF-2779A6B5E3E7}.Debug|Any CPU.Build.0 = Debug|Any CPU
		{C76B507D-3B18-4557-97CF-2779A6B5E3E7}.Release|Any CPU.ActiveCfg = Release|Any CPU
		{C76B507D-3B18-4557-97CF-2779A6B5E3E7}.Release|Any CPU.Build.0 = Release|Any CPU
		{6E921611-26AD-442D-95DC-D77A3BA9CBD3}.Debug|Any CPU.ActiveCfg = Debug|Any CPU
		{6E921611-26AD-442D-95DC-D77A3BA9CBD3}.Debug|Any CPU.Build.0 = Debug|Any CPU
		{6E921611-26AD-442D-95DC-D77A3BA9CBD3}.Release|Any CPU.ActiveCfg = Release|Any CPU
		{6E921611-26AD-442D-95DC-D77A3BA9CBD3}.Release|Any CPU.Build.0 = Release|Any CPU
	EndGlobalSection
	GlobalSection(SolutionProperties) = preSolution
		HideSolutionNode = FALSE
	EndGlobalSection
	GlobalSection(ExtensibilityGlobals) = postSolution
		SolutionGuid = {23E8FB80-869F-4D74-A353-5EB407729327}
	EndGlobalSection
EndGlobal
